github.com/atotto/clipboard v0.1.4 h1:EH0zSVneZPSuFR11BlR9YppQTVDbh5+16AmcJi4g1z4=
github.com/atotto/clipboard v0.1.4/go.mod h1:ZY9tmq7sm5xIbd9bOK4onWV4S6X0u6GY7Vn0Yu86PYI=
github.com/clipperhouse/uax29/v2 v2.2.0 h1:ChwIKnQN3kcZteTXMgb1wztSgaU+ZemkgWdohwgs8tY=
github.com/clipperhouse/uax29/v2 v2.2.0/go.mod h1:EFJ2TJMRUaplDxHKj1qAEhCtQPW2tJSwu5BF98AuoVM=
github.com/hymkor/go-generics-list v0.2.3 h1:Xtiq4d8kP02W1UPjPbUYpxz2cr6lwabII7Z4b5oUQQ8=
github.com/hymkor/go-generics-list v0.2.3/go.mod h1:n+lOMwdcZO6pf7O49/YZGoqIhZI6MJve3cL5nQ8rD7U=
github.com/hymkor/go-safewrite v0.4.0 h1:ppq0/DPwYo+ETRvIeaNMfRBKeFL0U3g3pJAbJNiwm1E=
github.com/hymkor/go-safewrite v0.4.0/go.mod h1:UiLRe1/Al1kAkJJK65+xAFMhiacBwK6oEVHsu9+n4fo=
github.com/hymkor/nemo v0.1.0 h1:HaG5tDiiY8vczLG2nGRdxWbmxB3glL1i4KomOc8yB0Q=
github.com/hymkor/nemo v0.1.0/go.mod h1:SkZSRm4VAgkjcMQ+y3uf5c1NaXyeYIcNFPz9tiJjPoE=
github.com/mattn/go-colorable v0.1.14 h1:9A9LHSqF/7dyVVX6g0U9cwm9pG3kP9gSzcuIPHPsaIE=
github.com/mattn/go-colorable v0.1.14/go.mod h1:6LmQG8QLFO4G5z1gPvYEzlUgJ2wF+stgPZH1UqBm1s8=
github.com/mattn/go-isatty v0.0.20 h1:xfD0iDuEKnDkl03q4limB+vH+GxLEtL/jb4xVJSWWEY=
github.com/mattn/go-isatty v0.0.20/go.mod h1:W+V8PltTTMOvKvAeJH7IuucS94S2C6jfK/D7dTCTo3Y=
github.com/mattn/go-runewidth v0.0.23 h1:7ykA0T0jkPpzSvMS5i9uoNn2Xy3R383f9HDx3RybWcw=
github.com/mattn/go-runewidth v0.0.23/go.mod h1:XBkDxAl56ILZc9knddidhrOlY5R/pDhgLpndooCuJAs=
github.com/mattn/go-tty v0.0.7 h1:KJ486B6qI8+wBO7kQxYgmmEFDaFEE96JMBQ7h400N8Q=
github.com/mattn/go-tty v0.0.7/go.mod h1:f2i5ZOvXBU/tCABmLmOfzLz9azMo5wdAaElRNnJKr+k=
github.com/nyaosorg/go-box/v3 v3.0.0 h1:W5qfScEkKBoD68gbP/lwfWlvcTRB0rwXkhL+9iC62xI=
github.com/nyaosorg/go-box/v3 v3.0.0/go.mod h1:70GsE9mIh7JKVCxt71q3jEijO6C9YJmOZqWpPa9w+GY=
github.com/nyaosorg/go-inline-animation v0.3.1 h1:AXjYkjyK4AEXXDNGQ8yd1RFY4aCKf7b9/cH6CcVHPps=
github.com/nyaosorg/go-inline-animation v0.3.1/go.mod h1:GLb7BXeLMuA12LMN3c8l69GQcmlAxit3oZRKILztOsU=
github.com/nyaosorg/go-readline-ny v1.14.3 h1:HcmGfGgq6M7n7U6Cncd6KwghP84NCLeHzewJ4Hl0M6E=
github.com/nyaosorg/go-readline-ny v1.14.3/go.mod h1:/BDf3/H/AScnvey4LoDws1bjTZDB76EE7uKnW2apoKU=
github.com/nyaosorg/go-readline-skk v0.6.2 h1:UUBt4qS0UwEaqKgaju8yQOogSF0Ozs4KXHDEhEsqjDM=
github.com/nyaosorg/go-readline-skk v0.6.2/go.mod h1:afNC+dqTeuu+5KHNFjbv/up7bfehvHp6HULXljTzvyw=
github.com/nyaosorg/go-ttyadapter v0.5.0 h1:DEUKAJ6GZuh7CqNkUtNS9eGXIcym/Rm0tcyKyXq55gU=
github.com/nyaosorg/go-ttyadapter v0.5.0/go.mod h1:w6ySb/Y8rpr0uIju4vN/TMRHC/6ayabORHmEVs6d/qE=
github.com/nyaosorg/go-windows-dbg v0.0.0-20240724174901-9645d9b1df23 h1:PsACS2RhmWIsc39eiIQ4EeEww+OFT0gn60TG0MFObrg=
github.com/nyaosorg/go-windows-dbg v0.0.0-20240724174901-9645d9b1df23/go.mod h1:2KBQW9Jv7m6jB8WDgvZOVsJXwtbk4MRIpOWt/n/EDwg=
golang.org/x/sys v0.6.0/go.mod h1:oPkhp1MJrh7nUepCBck5+mAzfO9JrbApNNgaTdGDITg=
golang.org/x/sys v0.29.0 h1:TPYlXGxvx1MGTn2GiZDhnjPA9wZzZeGKHHmKhHYvgaU=
golang.org/x/sys v0.29.0/go.mod h1:/VUhepiaJMQUp4+oa/7Zr1D23ma6VTLIYjOOTFZPUcA=
golang.org/x/text v0.21.0 h1:zyQAAkrwaneQ066sspRyJaG9VNi/YJ1NfzcGB3hZ/qo=
golang.org/x/text v0.21.0/go.mod h1:4IBbMaMmOPCJ8SecivzSH54+73PCFmPWxNTLm+vZkEQ=
